{
    "_meta": {
        "hash": {
            "sha256": "79639ca8e92484ef9cd61ef8ba3eb51fff95f161907e3310a3aeb370b02800aa"
        },
        "pipfile-spec": 6,
        "requires": {
            "python_version": "3.10"
        },
        "sources": [
            {
                "name": "pypi",
                "url": "https://pypi.org/simple",
                "verify_ssl": true
            }
        ]
    },
    "default": {
        "biopython": {
            "hashes": [
                "sha256:013c664418ee47ec3ac459c924d0fe8193240b384dc3f1ae00fb69b39eebdb2b",
                "sha256:043a8fc0b0bd5593c748dce54b89f8dd978cd67c720427abe857ae64f85ef6d3",
                "sha256:063b1de90331f52f4617821b7ba0e6a2846c06028844ba0d047573da8b1b4ea1",
                "sha256:0766783ec50a100dc12636c9f261cb46c438ba56be33b4e27c68b9b98c80a102",
                "sha256:0b7904908f5c05f1cc0ecf3f02854f73e3dd7ed7b531e00c7bda04bbea91d271",
                "sha256:2274f399b09a1ebdabf37a19fab7a325e2e2dfa87b5c838d86ad4e8cfadbcd78",
                "sha256:24b0376a1df657531cb9c6d221ef8e7956dd52533f550a8548572e875b4877c8",
                "sha256:299b2402eb7145b56d8c9a2418bb5b36c3ceadc7b1e915e0dd0062973281affa",
                "sha256:2a324830cff00e706d7010efb3013348bdabdacf42496cc706d2a2fd34d3fe17",
                "sha256:2fa77bf8a99e5acc82518805a07cfb01bb98bf9439fed3e2764df57ae52b1614",
                "sha256:33b92ca2cb43cccbd0018143b265bb4fbc34e7333ea4594972aa7e7db246bc7e",
                "sha256:4782e1ba91069f12f9a526a4291c71d6aafb08503f72fb250aafeb6fb811278c",
                "sha256:52805e9af88767e450e2df8113b5bc59e964e2e8a7bb803a83570bdbb51c0e43",
                "sha256:5d91b0bf503bc69accdb1b6d549f195ba421c5e6c55535de593a4b06cc1fb699",
                "sha256:7c028b6129505e40efaeb70cc9ee034da83be743049315e124e5d44ec0e43494",
                "sha256:91b0347251c9b3e6bdbfd2fadb2aab2f91420f46ec9e9599e64e6cb0efe54462",
                "sha256:9ab20351dda7b2b1951481586acf6299593541069301422d178ee82ac7d66845",
                "sha256:bc8e00f3f3704f1e6aa0a67c19874c5a848ff827e31c7226b495c258d079f329",
                "sha256:bf2c70e2eff50ab78fbb944a359baeb765923873fb6e8b1ec24bd3a84a781e3c",
                "sha256:c3cedd2d7935084f8e929e5f516218845eaea4b06e6ac14ef400906dc48214a9",
                "sha256:c73edaccbeac6bec51368f4970169cd0b62a468ba18cde2cf3c12d6f706f9d05",
                "sha256:d565f1a9cc7508dfe8b09bbd36d4f69f6bcbb58b54d483b6a3ab2ca96f3977ba",
                "sha256:e4abbcec3d84587bf2f32669b0f1ff60ff42838581203603bc641da5e5bd0354",
                "sha256:f4f14294976f7fe309147537b0bed618c193dccb446798f2db8a16977f064cb7"
            ],
            "index": "pypi",
            "version": "==1.80"
        },
        "bokeh": {
            "hashes": [
                "sha256:37f6180a17f3dbf07c597f3a584cdd2bf660486d56a5c45b2b110682523c7512",
                "sha256:fb537cf24f5a25a6739393f9906ddf8c913bfebc4cb120d342e8262889326f7d"
            ],
            "index": "pypi",
            "version": "==3.0.2"
        },
        "contourpy": {
            "hashes": [
                "sha256:0236875c5a0784215b49d00ebbe80c5b6b5d5244b3655a36dda88105334dea17",
                "sha256:03d1b9c6b44a9e30d554654c72be89af94fab7510b4b9f62356c64c81cec8b7d",
                "sha256:0537cc1195245bbe24f2913d1f9211b8f04eb203de9044630abd3664c6cc339c",
                "sha256:06ca79e1efbbe2df795822df2fa173d1a2b38b6e0f047a0ec7903fbca1d1847e",
                "sha256:08e8d09d96219ace6cb596506fb9b64ea5f270b2fb9121158b976d88871fcfd1",
                "sha256:0b1e66346acfb17694d46175a0cea7d9036f12ed0c31dfe86f0f405eedde2bdd",
                "sha256:0b97454ed5b1368b66ed414c754cba15b9750ce69938fc6153679787402e4cdf",
                "sha256:0e4854cc02006ad6684ce092bdadab6f0912d131f91c2450ce6dbdea78ee3c0b",
                "sha256:12a7dc8439544ed05c6553bf026d5e8fa7fad48d63958a95d61698df0e00092b",
                "sha256:1b1ee48a130da4dd0eb8055bbab34abf3f6262957832fd575e0cab4979a15a41",
                "sha256:1c0e1308307a75e07d1f1b5f0f56b5af84538a5e9027109a7bcf6cb47c434e72",
                "sha256:1dedf4c64185a216c35eb488e6f433297c660321275734401760dafaeb0ad5c2",
                "sha256:208bc904889c910d95aafcf7be9e677726df9ef71e216780170dbb7e37d118fa",
                "sha256:211dfe2bd43bf5791d23afbe23a7952e8ac8b67591d24be3638cabb648b3a6eb",
                "sha256:341330ed19074f956cb20877ad8d2ae50e458884bfa6a6df3ae28487cc76c768",
                "sha256:344cb3badf6fc7316ad51835f56ac387bdf86c8e1b670904f18f437d70da4183",
                "sha256:358f6364e4873f4d73360b35da30066f40387dd3c427a3e5432c6b28dd24a8fa",
                "sha256:371f6570a81dfdddbb837ba432293a63b4babb942a9eb7aaa699997adfb53278",
                "sha256:375d81366afd547b8558c4720337218345148bc2fcffa3a9870cab82b29667f2",
                "sha256:3a1917d3941dd58732c449c810fa7ce46cc305ce9325a11261d740118b85e6f3",
                "sha256:4081918147fc4c29fad328d5066cfc751da100a1098398742f9f364be63803fc",
                "sha256:444fb776f58f4906d8d354eb6f6ce59d0a60f7b6a720da6c1ccb839db7c80eb9",
                "sha256:46deb310a276cc5c1fd27958e358cce68b1e8a515fa5a574c670a504c3a3fe30",
                "sha256:494efed2c761f0f37262815f9e3c4bb9917c5c69806abdee1d1cb6611a7174a0",
                "sha256:50627bf76abb6ba291ad08db583161939c2c5fab38c38181b7833423ab9c7de3",
                "sha256:5641927cc5ae66155d0c80195dc35726eae060e7defc18b7ab27600f39dd1fe7",
                "sha256:5b117d29433fc8393b18a696d794961464e37afb34a6eeb8b2c37b5f4128a83e",
                "sha256:613c665529899b5d9fade7e5d1760111a0b011231277a0d36c49f0d3d6914bd6",
                "sha256:6e459ebb8bb5ee4c22c19cc000174f8059981971a33ce11e17dddf6aca97a142",
                "sha256:6f56515e7c6fae4529b731f6c117752247bef9cdad2b12fc5ddf8ca6a50965a5",
                "sha256:730c27978a0003b47b359935478b7d63fd8386dbb2dcd36c1e8de88cbfc1e9de",
                "sha256:75a2e638042118118ab39d337da4c7908c1af74a8464cad59f19fbc5bbafec9b",
                "sha256:78ced51807ccb2f45d4ea73aca339756d75d021069604c2fccd05390dc3c28eb",
                "sha256:7ee394502026d68652c2824348a40bf50f31351a668977b51437131a90d777ea",
                "sha256:8468b40528fa1e15181cccec4198623b55dcd58306f8815a793803f51f6c474a",
                "sha256:84c593aeff7a0171f639da92cb86d24954bbb61f8a1b530f74eb750a14685832",
                "sha256:913bac9d064cff033cf3719e855d4f1db9f1c179e0ecf3ba9fdef21c21c6a16a",
                "sha256:9447c45df407d3ecb717d837af3b70cfef432138530712263730783b3d016512",
                "sha256:9b0e7fe7f949fb719b206548e5cde2518ffb29936afa4303d8a1c4db43dcb675",
                "sha256:9bc407a6af672da20da74823443707e38ece8b93a04009dca25856c2d9adadb1",
                "sha256:9e8e686a6db92a46111a1ee0ee6f7fbfae4048f0019de207149f43ac1812cf95",
                "sha256:9fc4e7973ed0e1fe689435842a6e6b330eb7ccc696080dda9a97b1a1b78e41db",
                "sha256:a457ee72d9032e86730f62c5eeddf402e732fdf5ca8b13b41772aa8ae13a4563",
                "sha256:a628bba09ba72e472bf7b31018b6281fd4cc903f0888049a3724afba13b6e0b8",
                "sha256:a79d239fc22c3b8d9d3de492aa0c245533f4f4c7608e5749af866949c0f1b1b9",
                "sha256:aa4674cf3fa2bd9c322982644967f01eed0c91bb890f624e0e0daf7a5c3383e9",
                "sha256:acd2bd02f1a7adff3a1f33e431eb96ab6d7987b039d2946a9b39fe6fb16a1036",
                "sha256:b3b1bd7577c530eaf9d2bc52d1a93fef50ac516a8b1062c3d1b9bcec9ebe329b",
                "sha256:b48d94386f1994db7c70c76b5808c12e23ed7a4ee13693c2fc5ab109d60243c0",
                "sha256:b64f747e92af7da3b85631a55d68c45a2d728b4036b03cdaba4bd94bcc85bd6f",
                "sha256:b98c820608e2dca6442e786817f646d11057c09a23b68d2b3737e6dcb6e4a49b",
                "sha256:c1baa49ab9fedbf19d40d93163b7d3e735d9cd8d5efe4cce9907902a6dad391f",
                "sha256:c38c6536c2d71ca2f7e418acaf5bca30a3af7f2a2fa106083c7d738337848dbe",
                "sha256:c78bfbc1a7bff053baf7e508449d2765964d67735c909b583204e3240a2aca45",
                "sha256:cd2bc0c8f2e8de7dd89a7f1c10b8844e291bca17d359373203ef2e6100819edd",
                "sha256:d2eff2af97ea0b61381828b1ad6cd249bbd41d280e53aea5cccd7b2b31b8225c",
                "sha256:d8834c14b8c3dd849005e06703469db9bf96ba2d66a3f88ecc539c9a8982e0ee",
                "sha256:d912f0154a20a80ea449daada904a7eb6941c83281a9fab95de50529bfc3a1da",
                "sha256:da1ef35fd79be2926ba80fbb36327463e3656c02526e9b5b4c2b366588b74d9a",
                "sha256:dbe6fe7a1166b1ddd7b6d887ea6fa8389d3f28b5ed3f73a8f40ece1fc5a3d340",
                "sha256:dcd556c8fc37a342dd636d7eef150b1399f823a4462f8c968e11e1ebeabee769",
                "sha256:e13b31d1b4b68db60b3b29f8e337908f328c7f05b9add4b1b5c74e0691180109",
                "sha256:e1739496c2f0108013629aa095cc32a8c6363444361960c07493818d0dea2da4",
                "sha256:e43255a83835a129ef98f75d13d643844d8c646b258bebd11e4a0975203e018f",
                "sha256:e626cefff8491bce356221c22af5a3ea528b0b41fbabc719c00ae233819ea0bf",
                "sha256:eadad75bf91897f922e0fb3dca1b322a58b1726a953f98c2e5f0606bd8408621",
                "sha256:f33da6b5d19ad1bb5e7ad38bb8ba5c426d2178928bc2b2c44e8823ea0ecb6ff3",
                "sha256:f4052a8a4926d4468416fc7d4b2a7b2a3e35f25b39f4061a7e2a3a2748c4fc48",
                "sha256:f6ca38dd8d988eca8f07305125dec6f54ac1c518f1aaddcc14d08c01aebb6efc"
            ],
            "markers": "python_version >= '3.7'",
            "version": "==1.0.6"
        },
        "jinja2": {
            "hashes": [
                "sha256:31351a702a408a9e7595a8fc6150fc3f43bb6bf7e319770cbc0db9df9437e852",
                "sha256:6088930bfe239f0e6710546ab9c19c9ef35e29792895fed6e6e31a023a182a61"
            ],
            "markers": "python_version >= '3.7'",
            "version": "==3.1.2"
        },
        "markupsafe": {
            "hashes": [
                "sha256:0212a68688482dc52b2d45013df70d169f542b7394fc744c02a57374a4207003",
                "sha256:089cf3dbf0cd6c100f02945abeb18484bd1ee57a079aefd52cffd17fba910b88",
                "sha256:10c1bfff05d95783da83491be968e8fe789263689c02724e0c691933c52994f5",
                "sha256:33b74d289bd2f5e527beadcaa3f401e0df0a89927c1559c8566c066fa4248ab7",
                "sha256:3799351e2336dc91ea70b034983ee71cf2f9533cdff7c14c90ea126bfd95d65a",
                "sha256:3ce11ee3f23f79dbd06fb3d63e2f6af7b12db1d46932fe7bd8afa259a5996603",
                "sha256:421be9fbf0ffe9ffd7a378aafebbf6f4602d564d34be190fc19a193232fd12b1",
                "sha256:43093fb83d8343aac0b1baa75516da6092f58f41200907ef92448ecab8825135",
                "sha256:46d00d6cfecdde84d40e572d63735ef81423ad31184100411e6e3388d405e247",
                "sha256:4a33dea2b688b3190ee12bd7cfa29d39c9ed176bda40bfa11099a3ce5d3a7ac6",
                "sha256:4b9fe39a2ccc108a4accc2676e77da025ce383c108593d65cc909add5c3bd601",
                "sha256:56442863ed2b06d19c37f94d999035e15ee982988920e12a5b4ba29b62ad1f77",
                "sha256:671cd1187ed5e62818414afe79ed29da836dde67166a9fac6d435873c44fdd02",
                "sha256:694deca8d702d5db21ec83983ce0bb4b26a578e71fbdbd4fdcd387daa90e4d5e",
                "sha256:6a074d34ee7a5ce3effbc526b7083ec9731bb3cbf921bbe1d3005d4d2bdb3a63",
                "sha256:6d0072fea50feec76a4c418096652f2c3238eaa014b2f94aeb1d56a66b41403f",
                "sha256:6fbf47b5d3728c6aea2abb0589b5d30459e369baa772e0f37a0320185e87c980",
                "sha256:7f91197cc9e48f989d12e4e6fbc46495c446636dfc81b9ccf50bb0ec74b91d4b",
                "sha256:86b1f75c4e7c2ac2ccdaec2b9022845dbb81880ca318bb7a0a01fbf7813e3812",
                "sha256:8dc1c72a69aa7e082593c4a203dcf94ddb74bb5c8a731e4e1eb68d031e8498ff",
                "sha256:8e3dcf21f367459434c18e71b2a9532d96547aef8a871872a5bd69a715c15f96",
                "sha256:8e576a51ad59e4bfaac456023a78f6b5e6e7651dcd383bcc3e18d06f9b55d6d1",
                "sha256:96e37a3dc86e80bf81758c152fe66dbf60ed5eca3d26305edf01892257049925",
                "sha256:97a68e6ada378df82bc9f16b800ab77cbf4b2fada0081794318520138c088e4a",
                "sha256:99a2a507ed3ac881b975a2976d59f38c19386d128e7a9a18b7df6fff1fd4c1d6",
                "sha256:a49907dd8420c5685cfa064a1335b6754b74541bbb3706c259c02ed65b644b3e",
                "sha256:b09bf97215625a311f669476f44b8b318b075847b49316d3e28c08e41a7a573f",
                "sha256:b7bd98b796e2b6553da7225aeb61f447f80a1ca64f41d83612e6139ca5213aa4",
                "sha256:b87db4360013327109564f0e591bd2a3b318547bcef31b468a92ee504d07ae4f",
                "sha256:bcb3ed405ed3222f9904899563d6fc492ff75cce56cba05e32eff40e6acbeaa3",
                "sha256:d4306c36ca495956b6d568d276ac11fdd9c30a36f1b6eb928070dc5360b22e1c",
                "sha256:d5ee4f386140395a2c818d149221149c54849dfcfcb9f1debfe07a8b8bd63f9a",
                "sha256:dda30ba7e87fbbb7eab1ec9f58678558fd9a6b8b853530e176eabd064da81417",
                "sha256:e04e26803c9c3851c931eac40c695602c6295b8d432cbe78609649ad9bd2da8a",
                "sha256:e1c0b87e09fa55a220f058d1d49d3fb8df88fbfab58558f1198e08c1e1de842a",
                "sha256:e72591e9ecd94d7feb70c1cbd7be7b3ebea3f548870aa91e2732960fa4d57a37",
                "sha256:e8c843bbcda3a2f1e3c2ab25913c80a3c5376cd00c6e8c4a86a89a28c8dc5452",
                "sha256:efc1913fd2ca4f334418481c7e595c00aad186563bbc1ec76067848c7ca0a933",
                "sha256:f121a1420d4e173a5d96e47e9a0c0dcff965afdf1626d28de1460815f7c4ee7a",
                "sha256:fc7b548b17d238737688817ab67deebb30e8073c95749d55538ed473130ec0c7"
            ],
            "markers": "python_version >= '3.7'",
            "version": "==2.1.1"
        },
        "numpy": {
            "hashes": [
                "sha256:01dd17cbb340bf0fc23981e52e1d18a9d4050792e8fb8363cecbf066a84b827d",
                "sha256:06005a2ef6014e9956c09ba07654f9837d9e26696a0470e42beedadb78c11b07",
                "sha256:09b7847f7e83ca37c6e627682f145856de331049013853f344f37b0c9690e3df",
                "sha256:0aaee12d8883552fadfc41e96b4c82ee7d794949e2a7c3b3a7201e968c7ecab9",
                "sha256:0cbe9848fad08baf71de1a39e12d1b6310f1d5b2d0ea4de051058e6e1076852d",
                "sha256:1b1766d6f397c18153d40015ddfc79ddb715cabadc04d2d228d4e5a8bc4ded1a",
                "sha256:33161613d2269025873025b33e879825ec7b1d831317e68f4f2f0f84ed14c719",
                "sha256:5039f55555e1eab31124a5768898c9e22c25a65c1e0037f4d7c495a45778c9f2",
                "sha256:522e26bbf6377e4d76403826ed689c295b0b238f46c28a7251ab94716da0b280",
                "sha256:56e454c7833e94ec9769fa0f86e6ff8e42ee38ce0ce1fa4cbb747ea7e06d56aa",
                "sha256:58f545efd1108e647604a1b5aa809591ccd2540f468a880bedb97247e72db387",
                "sha256:5e05b1c973a9f858c74367553e236f287e749465f773328c8ef31abe18f691e1",
                "sha256:7903ba8ab592b82014713c491f6c5d3a1cde5b4a3bf116404e08f5b52f6daf43",
                "sha256:8969bfd28e85c81f3f94eb4a66bc2cf1dbdc5c18efc320af34bffc54d6b1e38f",
                "sha256:92c8c1e89a1f5028a4c6d9e3ccbe311b6ba53694811269b992c0b224269e2398",
                "sha256:9c88793f78fca17da0145455f0d7826bcb9f37da4764af27ac945488116efe63",
                "sha256:a7ac231a08bb37f852849bbb387a20a57574a97cfc7b6cabb488a4fc8be176de",
                "sha256:abdde9f795cf292fb9651ed48185503a2ff29be87770c3b8e2a14b0cd7aa16f8",
                "sha256:af1da88f6bc3d2338ebbf0e22fe487821ea4d8e89053e25fa59d1d79786e7481",
                "sha256:b2a9ab7c279c91974f756c84c365a669a887efa287365a8e2c418f8b3ba73fb0",
                "sha256:bf837dc63ba5c06dc8797c398db1e223a466c7ece27a1f7b5232ba3466aafe3d",
                "sha256:ca51fcfcc5f9354c45f400059e88bc09215fb71a48d3768fb80e357f3b457e1e",
                "sha256:ce571367b6dfe60af04e04a1834ca2dc5f46004ac1cc756fb95319f64c095a96",
                "sha256:d208a0f8729f3fb790ed18a003f3a57895b989b40ea4dce4717e9cf4af62c6bb",
                "sha256:dbee87b469018961d1ad79b1a5d50c0ae850000b639bcb1b694e9981083243b6",
                "sha256:e9f4c4e51567b616be64e05d517c79a8a22f3606499941d97bb76f2ca59f982d",
                "sha256:f063b69b090c9d918f9df0a12116029e274daf0181df392839661c4c7ec9018a",
                "sha256:f9a909a8bae284d46bbfdefbdd4a262ba19d3bc9921b1e76126b1d21c3c34135"
            ],
            "markers": "python_version >= '3.8'",
            "version": "==1.23.5"
        },
        "packaging": {
            "hashes": [
                "sha256:dd47c42927d89ab911e606518907cc2d3a1f38bbd026385970643f9c5b8ecfeb",
                "sha256:ef103e05f519cdc783ae24ea4e2e0f508a9c99b2d4969652eed6a2e1ea5bd522"
            ],
            "markers": "python_version >= '3.6'",
            "version": "==21.3"
        },
        "pandas": {
            "hashes": [
                "sha256:0183cb04a057cc38fde5244909fca9826d5d57c4a5b7390c0cc3fa7acd9fa883",
                "sha256:1fc87eac0541a7d24648a001d553406f4256e744d92df1df8ebe41829a915028",
                "sha256:220b98d15cee0b2cd839a6358bd1f273d0356bf964c1a1aeb32d47db0215488b",
                "sha256:2552bffc808641c6eb471e55aa6899fa002ac94e4eebfa9ec058649122db5824",
                "sha256:315e19a3e5c2ab47a67467fc0362cb36c7c60a93b6457f675d7d9615edad2ebe",
                "sha256:344021ed3e639e017b452aa8f5f6bf38a8806f5852e217a7594417fb9bbfa00e",
                "sha256:375262829c8c700c3e7cbb336810b94367b9c4889818bbd910d0ecb4e45dc261",
                "sha256:457d8c3d42314ff47cc2d6c54f8fc0d23954b47977b2caed09cd9635cb75388b",
                "sha256:4aed257c7484d01c9a194d9a94758b37d3d751849c05a0050c087a358c41ad1f",
                "sha256:530948945e7b6c95e6fa7aa4be2be25764af53fba93fe76d912e35d1c9ee46f5",
                "sha256:5ae7e989f12628f41e804847a8cc2943d362440132919a69429d4dea1f164da0",
                "sha256:71f510b0efe1629bf2f7c0eadb1ff0b9cf611e87b73cd017e6b7d6adb40e2b3a",
                "sha256:73f219fdc1777cf3c45fde7f0708732ec6950dfc598afc50588d0d285fddaefc",
                "sha256:8092a368d3eb7116e270525329a3e5c15ae796ccdf7ccb17839a73b4f5084a39",
                "sha256:82ae615826da838a8e5d4d630eb70c993ab8636f0eff13cb28aafc4291b632b5",
                "sha256:9608000a5a45f663be6af5c70c3cbe634fa19243e720eb380c0d378666bc7702",
                "sha256:a40dd1e9f22e01e66ed534d6a965eb99546b41d4d52dbdb66565608fde48203f",
                "sha256:b4f5a82afa4f1ff482ab8ded2ae8a453a2cdfde2001567b3ca24a4c5c5ca0db3",
                "sha256:c009a92e81ce836212ce7aa98b219db7961a8b95999b97af566b8dc8c33e9519",
                "sha256:c218796d59d5abd8780170c937b812c9637e84c32f8271bbf9845970f8c1351f",
                "sha256:cc3cd122bea268998b79adebbb8343b735a5511ec14efb70a39e7acbc11ccbdc",
                "sha256:d0d8fd58df5d17ddb8c72a5075d87cd80d71b542571b5f78178fb067fa4e9c72",
                "sha256:e18bc3764cbb5e118be139b3b611bc3fbc5d3be42a7e827d1096f46087b395eb",
                "sha256:e2b83abd292194f350bb04e188f9379d36b8dfac24dd445d5c87575f3beaf789",
                "sha256:e7469271497960b6a781eaa930cba8af400dd59b62ec9ca2f4d31a19f2f91090",
                "sha256:e9dbacd22555c2d47f262ef96bb4e30880e5956169741400af8b306bbb24a273",
                "sha256:f6257b314fc14958f8122779e5a1557517b0f8e500cfb2bd53fa1f75a8ad0af2"
            ],
            "markers": "python_version >= '3.8'",
            "version": "==1.5.2"
        },
        "pillow": {
            "hashes": [
                "sha256:03150abd92771742d4a8cd6f2fa6246d847dcd2e332a18d0c15cc75bf6703040",
                "sha256:073adb2ae23431d3b9bcbcff3fe698b62ed47211d0716b067385538a1b0f28b8",
                "sha256:0b07fffc13f474264c336298d1b4ce01d9c5a011415b79d4ee5527bb69ae6f65",
                "sha256:0b7257127d646ff8676ec8a15520013a698d1fdc48bc2a79ba4e53df792526f2",
                "sha256:12ce4932caf2ddf3e41d17fc9c02d67126935a44b86df6a206cf0d7161548627",
                "sha256:15c42fb9dea42465dfd902fb0ecf584b8848ceb28b41ee2b58f866411be33f07",
                "sha256:18498994b29e1cf86d505edcb7edbe814d133d2232d256db8c7a8ceb34d18cef",
                "sha256:1c7c8ae3864846fc95f4611c78129301e203aaa2af813b703c55d10cc1628535",
                "sha256:22b012ea2d065fd163ca096f4e37e47cd8b59cf4b0fd47bfca6abb93df70b34c",
                "sha256:276a5ca930c913f714e372b2591a22c4bd3b81a418c0f6635ba832daec1cbcfc",
                "sha256:2e0918e03aa0c72ea56edbb00d4d664294815aa11291a11504a377ea018330d3",
                "sha256:3033fbe1feb1b59394615a1cafaee85e49d01b51d54de0cbf6aa8e64182518a1",
                "sha256:3168434d303babf495d4ba58fc22d6604f6e2afb97adc6a423e917dab828939c",
                "sha256:32a44128c4bdca7f31de5be641187367fe2a450ad83b833ef78910397db491aa",
                "sha256:3dd6caf940756101205dffc5367babf288a30043d35f80936f9bfb37f8355b32",
                "sha256:40e1ce476a7804b0fb74bcfa80b0a2206ea6a882938eaba917f7a0f004b42502",
                "sha256:41e0051336807468be450d52b8edd12ac60bebaa97fe10c8b660f116e50b30e4",
                "sha256:4390e9ce199fc1951fcfa65795f239a8a4944117b5935a9317fb320e7767b40f",
                "sha256:502526a2cbfa431d9fc2a079bdd9061a2397b842bb6bc4239bb176da00993812",
                "sha256:51e0e543a33ed92db9f5ef69a0356e0b1a7a6b6a71b80df99f1d181ae5875636",
                "sha256:57751894f6618fd4308ed8e0c36c333e2f5469744c34729a27532b3db106ee20",
                "sha256:5d77adcd56a42d00cc1be30843d3426aa4e660cab4a61021dc84467123f7a00c",
                "sha256:655a83b0058ba47c7c52e4e2df5ecf484c1b0b0349805896dd350cbc416bdd91",
                "sha256:68943d632f1f9e3dce98908e873b3a090f6cba1cbb1b892a9e8d97c938871fbe",
                "sha256:6c738585d7a9961d8c2821a1eb3dcb978d14e238be3d70f0a706f7fa9316946b",
                "sha256:73bd195e43f3fadecfc50c682f5055ec32ee2c933243cafbfdec69ab1aa87cad",
                "sha256:772a91fc0e03eaf922c63badeca75e91baa80fe2f5f87bdaed4280662aad25c9",
                "sha256:77ec3e7be99629898c9a6d24a09de089fa5356ee408cdffffe62d67bb75fdd72",
                "sha256:7db8b751ad307d7cf238f02101e8e36a128a6cb199326e867d1398067381bff4",
                "sha256:801ec82e4188e935c7f5e22e006d01611d6b41661bba9fe45b60e7ac1a8f84de",
                "sha256:82409ffe29d70fd733ff3c1025a602abb3e67405d41b9403b00b01debc4c9a29",
                "sha256:828989c45c245518065a110434246c44a56a8b2b2f6347d1409c787e6e4651ee",
                "sha256:829f97c8e258593b9daa80638aee3789b7df9da5cf1336035016d76f03b8860c",
                "sha256:871b72c3643e516db4ecf20efe735deb27fe30ca17800e661d769faab45a18d7",
                "sha256:89dca0ce00a2b49024df6325925555d406b14aa3efc2f752dbb5940c52c56b11",
                "sha256:90fb88843d3902fe7c9586d439d1e8c05258f41da473952aa8b328d8b907498c",
                "sha256:97aabc5c50312afa5e0a2b07c17d4ac5e865b250986f8afe2b02d772567a380c",
                "sha256:9aaa107275d8527e9d6e7670b64aabaaa36e5b6bd71a1015ddd21da0d4e06448",
                "sha256:9f47eabcd2ded7698106b05c2c338672d16a6f2a485e74481f524e2a23c2794b",
                "sha256:a0a06a052c5f37b4ed81c613a455a81f9a3a69429b4fd7bb913c3fa98abefc20",
                "sha256:ab388aaa3f6ce52ac1cb8e122c4bd46657c15905904b3120a6248b5b8b0bc228",
                "sha256:ad58d27a5b0262c0c19b47d54c5802db9b34d38bbf886665b626aff83c74bacd",
                "sha256:ae5331c23ce118c53b172fa64a4c037eb83c9165aba3a7ba9ddd3ec9fa64a699",
                "sha256:af0372acb5d3598f36ec0914deed2a63f6bcdb7b606da04dc19a88d31bf0c05b",
                "sha256:afa4107d1b306cdf8953edde0534562607fe8811b6c4d9a486298ad31de733b2",
                "sha256:b03ae6f1a1878233ac620c98f3459f79fd77c7e3c2b20d460284e1fb370557d4",
                "sha256:b0915e734b33a474d76c28e07292f196cdf2a590a0d25bcc06e64e545f2d146c",
                "sha256:b4012d06c846dc2b80651b120e2cdd787b013deb39c09f407727ba90015c684f",
                "sha256:b472b5ea442148d1c3e2209f20f1e0bb0eb556538690fa70b5e1f79fa0ba8dc2",
                "sha256:b59430236b8e58840a0dfb4099a0e8717ffb779c952426a69ae435ca1f57210c",
                "sha256:b90f7616ea170e92820775ed47e136208e04c967271c9ef615b6fbd08d9af0e3",
                "sha256:b9a65733d103311331875c1dca05cb4606997fd33d6acfed695b1232ba1df193",
                "sha256:bac18ab8d2d1e6b4ce25e3424f709aceef668347db8637c2296bcf41acb7cf48",
                "sha256:bca31dd6014cb8b0b2db1e46081b0ca7d936f856da3b39744aef499db5d84d02",
                "sha256:be55f8457cd1eac957af0c3f5ece7bc3f033f89b114ef30f710882717670b2a8",
                "sha256:c7025dce65566eb6e89f56c9509d4f628fddcedb131d9465cacd3d8bac337e7e",
                "sha256:c935a22a557a560108d780f9a0fc426dd7459940dc54faa49d83249c8d3e760f",
                "sha256:dbb8e7f2abee51cef77673be97760abff1674ed32847ce04b4af90f610144c7b",
                "sha256:e6ea6b856a74d560d9326c0f5895ef8050126acfdc7ca08ad703eb0081e82b74",
                "sha256:ebf2029c1f464c59b8bdbe5143c79fa2045a581ac53679733d3a91d400ff9efb",
                "sha256:f1ff2ee69f10f13a9596480335f406dd1f70c3650349e2be67ca3139280cade0"
            ],
            "markers": "python_version >= '3.7'",
            "version": "==9.3.0"
        },
        "pyparsing": {
            "hashes": [
                "sha256:2b020ecf7d21b687f219b71ecad3631f644a47f01403fa1d1036b0c6416d70fb",
                "sha256:5026bae9a10eeaefb61dab2f09052b9f4307d44aee4eda64b309723d8d206bbc"
            ],
            "markers": "python_full_version >= '3.6.8'",
            "version": "==3.0.9"
        },
        "python-dateutil": {
            "hashes": [
                "sha256:0123cacc1627ae19ddf3c27a5de5bd67ee4586fbdd6440d9748f8abb483d3e86",
                "sha256:961d03dc3453ebbc59dbdea9e4e11c5651520a876d0f4db161e8674aae935da9"
            ],
            "markers": "python_version >= '2.7' and python_version not in '3.0, 3.1, 3.2, 3.3'",
            "version": "==2.8.2"
        },
        "pytz": {
            "hashes": [
                "sha256:222439474e9c98fced559f1709d89e6c9cbf8d79c794ff3eb9f8800064291427",
                "sha256:e89512406b793ca39f5971bc999cc538ce125c0e51c27941bef4568b460095e2"
            ],
            "version": "==2022.6"
        },
        "pyyaml": {
            "hashes": [
                "sha256:01b45c0191e6d66c470b6cf1b9531a771a83c1c4208272ead47a3ae4f2f603bf",
                "sha256:0283c35a6a9fbf047493e3a0ce8d79ef5030852c51e9d911a27badfde0605293",
                "sha256:055d937d65826939cb044fc8c9b08889e8c743fdc6a32b33e2390f66013e449b",
                "sha256:07751360502caac1c067a8132d150cf3d61339af5691fe9e87803040dbc5db57",
                "sha256:0b4624f379dab24d3725ffde76559cff63d9ec94e1736b556dacdfebe5ab6d4b",
                "sha256:0ce82d761c532fe4ec3f87fc45688bdd3a4c1dc5e0b4a19814b9009a29baefd4",
                "sha256:1e4747bc279b4f613a09eb64bba2ba602d8a6664c6ce6396a4d0cd413a50ce07",
                "sha256:213c60cd50106436cc818accf5baa1aba61c0189ff610f64f4a3e8c6726218ba",
                "sha256:231710d57adfd809ef5d34183b8ed1eeae3f76459c18fb4a0b373ad56bedcdd9",
                "sha256:277a0ef2981ca40581a47093e9e2d13b3f1fbbeffae064c1d21bfceba2030287",
                "sha256:2cd5df3de48857ed0544b34e2d40e9fac445930039f3cfe4bcc592a1f836d513",
                "sha256:40527857252b61eacd1d9af500c3337ba8deb8fc298940291486c465c8b46ec0",
                "sha256:432557aa2c09802be39460360ddffd48156e30721f5e8d917f01d31694216782",
                "sha256:473f9edb243cb1935ab5a084eb238d842fb8f404ed2193a915d1784b5a6b5fc0",
                "sha256:48c346915c114f5fdb3ead70312bd042a953a8ce5c7106d5bfb1a5254e47da92",
                "sha256:50602afada6d6cbfad699b0c7bb50d5ccffa7e46a3d738092afddc1f9758427f",
                "sha256:68fb519c14306fec9720a2a5b45bc9f0c8d1b9c72adf45c37baedfcd949c35a2",
                "sha256:77f396e6ef4c73fdc33a9157446466f1cff553d979bd00ecb64385760c6babdc",
                "sha256:81957921f441d50af23654aa6c5e5eaf9b06aba7f0a19c18a538dc7ef291c5a1",
                "sha256:819b3830a1543db06c4d4b865e70ded25be52a2e0631ccd2f6a47a2822f2fd7c",
                "sha256:897b80890765f037df3403d22bab41627ca8811ae55e9a722fd0392850ec4d86",
                "sha256:98c4d36e99714e55cfbaaee6dd5badbc9a1ec339ebfc3b1f52e293aee6bb71a4",
                "sha256:9df7ed3b3d2e0ecfe09e14741b857df43adb5a3ddadc919a2d94fbdf78fea53c",
                "sha256:9fa600030013c4de8165339db93d182b9431076eb98eb40ee068700c9c813e34",
                "sha256:a80a78046a72361de73f8f395f1f1e49f956c6be882eed58505a15f3e430962b",
                "sha256:afa17f5bc4d1b10afd4466fd3a44dc0e245382deca5b3c353d8b757f9e3ecb8d",
                "sha256:b3d267842bf12586ba6c734f89d1f5b871df0273157918b0ccefa29deb05c21c",
                "sha256:b5b9eccad747aabaaffbc6064800670f0c297e52c12754eb1d976c57e4f74dcb",
                "sha256:bfaef573a63ba8923503d27530362590ff4f576c626d86a9fed95822a8255fd7",
                "sha256:c5687b8d43cf58545ade1fe3e055f70eac7a5a1a0bf42824308d868289a95737",
                "sha256:cba8c411ef271aa037d7357a2bc8f9ee8b58b9965831d9e51baf703280dc73d3",
                "sha256:d15a181d1ecd0d4270dc32edb46f7cb7733c7c508857278d3d378d14d606db2d",
                "sha256:d4b0ba9512519522b118090257be113b9468d804b19d63c71dbcf4a48fa32358",
                "sha256:d4db7c7aef085872ef65a8fd7d6d09a14ae91f691dec3e87ee5ee0539d516f53",
                "sha256:d4eccecf9adf6fbcc6861a38015c2a64f38b9d94838ac1810a9023a0609e1b78",
                "sha256:d67d839ede4ed1b28a4e8909735fc992a923cdb84e618544973d7dfc71540803",
                "sha256:daf496c58a8c52083df09b80c860005194014c3698698d1a57cbcfa182142a3a",
                "sha256:dbad0e9d368bb989f4515da330b88a057617d16b6a8245084f1b05400f24609f",
                "sha256:e61ceaab6f49fb8bdfaa0f92c4b57bcfbea54c09277b1b4f7ac376bfb7a7c174",
                "sha256:f84fbc98b019fef2ee9a1cb3ce93e3187a6df0b2538a651bfb890254ba9f90b5"
            ],
            "markers": "python_version >= '3.6'",
            "version": "==6.0"
        },
        "six": {
            "hashes": [
                "sha256:1e61c37477a1626458e36f7b1d82aa5c9b094fa4802892072e49de9c60c4c926",
                "sha256:8abb2f1d86890a2dfb989f9a77cfcfd3e47c2a354b01111771326f8aa26e0254"
            ],
            "markers": "python_version >= '2.7' and python_version not in '3.0, 3.1, 3.2, 3.3'",
            "version": "==1.16.0"
        },
        "tornado": {
            "hashes": [
                "sha256:1d54d13ab8414ed44de07efecb97d4ef7c39f7438cf5e976ccd356bebb1b5fca",
                "sha256:20f638fd8cc85f3cbae3c732326e96addff0a15e22d80f049e00121651e82e72",
                "sha256:5c87076709343557ef8032934ce5f637dbb552efa7b21d08e89ae7619ed0eb23",
                "sha256:5f8c52d219d4995388119af7ccaa0bcec289535747620116a58d830e7c25d8a8",
                "sha256:6fdfabffd8dfcb6cf887428849d30cf19a3ea34c2c248461e1f7d718ad30b66b",
                "sha256:87dcafae3e884462f90c90ecc200defe5e580a7fbbb4365eda7c7c1eb809ebc9",
                "sha256:9b630419bde84ec666bfd7ea0a4cb2a8a651c2d5cccdbdd1972a0c859dfc3c13",
                "sha256:b8150f721c101abdef99073bf66d3903e292d851bee51910839831caba341a75",
                "sha256:ba09ef14ca9893954244fd872798b4ccb2367c165946ce2dd7376aebdde8e3ac",
                "sha256:d3a2f5999215a3a06a4fc218026cd84c61b8b2b40ac5296a6db1f1451ef04c1e",
                "sha256:e5f923aa6a47e133d1cf87d60700889d7eae68988704e20c75fb2d65677a8e4b"
            ],
            "markers": "python_version >= '3.7'",
            "version": "==6.2"
        },
        "xyzservices": {
            "hashes": [
                "sha256:5547b3d6bc06a60561d039fc9ef5fd521d8bea9b6b3d617410fd764b30c6c2bd",
                "sha256:55651961708b9a14849978b339df76008c886df7a8326308a5549bae5516260c"
            ],
            "markers": "python_version >= '3.7'",
            "version": "==2022.9.0"
        }
    },
    "develop": {}
}
